
Microsoft Visual Studio Solution File, Format Version 12.00
# Visual Studio Version 17
VisualStudioVersion = 17.5.002.0
MinimumVisualStudioVersion = 10.0.40219.1
Project("{9A19103F-16F7-4668-BE54-9A1E7A4F7556}") = "Eastern Town", "Eastern Town.csproj", "{A0A6F770-DCBB-4F63-B5F6-B94764C31AB1}"
EndProject
Global
	GlobalSection(SolutionConfigurationPlatforms) = preSolution
		Debug|Any CPU = Debug|Any CPU
		Release|Any CPU = Release|Any CPU
	EndGlobalSection
	GlobalSection(ProjectConfigurationPlatforms) = postSolution
		{A0A6F770-DCBB-4F63-B5F6-B94764C31AB1}.Debug|Any CPU.ActiveCfg = Debug|Any CPU
		{A0A6F770-DCBB-4F63-B5F6-B94764C31AB1}.Debug|Any CPU.Build.0 = Debug|Any CPU
		{A0A6F770-DCBB-4F63-B5F6-B94764C31AB1}.Release|Any CPU.ActiveCfg = Release|Any CPU
		{A0A6F770-DCBB-4F63-B5F6-B94764C31AB1}.Release|Any CPU.Build.0 = Release|Any CPU
	EndGlobalSection
	GlobalSection(SolutionProperties) = preSolution
		HideSolutionNode = FALSE
	EndGlobalSection
	GlobalSection(ExtensibilityGlobals) = postSolution
		SolutionGuid = {431E5DCD-12F9-4211-965D-8311A9B28D59}
	EndGlobalSection
EndGlobal
